
Microsoft Visual Studio Solution File, Format Version 12.00
Project("{FAE04EC0-301F-11D3-BF4B-00C04F79EFBC}") = "mocking-exercise", "mocking-exercise\mocking-exercise.csproj", "{13DDD63F-3145-44F2-8D79-C3B18736DEEF}"
EndProject
Project("{FAE04EC0-301F-11D3-BF4B-00C04F79EFBC}") = "mocking-exercise-tests", "mocking-exercise-tests\mocking-exercise-tests.csproj", "{19350A4F-E487-40C1-ACA4-E8759DB43E17}"
EndProject
Global
	GlobalSection(SolutionConfigurationPlatforms) = preSolution
		Debug|Any CPU = Debug|Any CPU
		Release|Any CPU = Release|Any CPU
	EndGlobalSection
	GlobalSection(ProjectConfigurationPlatforms) = postSolution
		{13DDD63F-3145-44F2-8D79-C3B18736DEEF}.Debug|Any CPU.ActiveCfg = Debug|Any CPU
		{13DDD63F-3145-44F2-8D79-C3B18736DEEF}.Debug|Any CPU.Build.0 = Debug|Any CPU
		{13DDD63F-3145-44F2-8D79-C3B18736DEEF}.Release|Any CPU.ActiveCfg = Release|Any CPU
		{13DDD63F-3145-44F2-8D79-C3B18736DEEF}.Release|Any CPU.Build.0 = Release|Any CPU
		{19350A4F-E487-40C1-ACA4-E8759DB43E17}.Debug|Any CPU.ActiveCfg = Debug|Any CPU
		{19350A4F-E487-40C1-ACA4-E8759DB43E17}.Debug|Any CPU.Build.0 = Debug|Any CPU
		{19350A4F-E487-40C1-ACA4-E8759DB43E17}.Release|Any CPU.ActiveCfg = Release|Any CPU
		{19350A4F-E487-40C1-ACA4-E8759DB43E17}.Release|Any CPU.Build.0 = Release|Any CPU
	EndGlobalSection
EndGlobal
